// !$*UTF8*$!
{
	archiveVersion = 1;
	classes = {
	};
	objectVersion = 50;
	objects = {

/* Begin PBXBuildFile section */
		43C2347A280A8BDC007ABE5E /* main.cpp in Sources */ = {isa = PBXBuildFile; fileRef = 43C23479280A8BDC007ABE5E /* main.cpp */; };
/* End PBXBuildFile section */

/* Begin PBXCopyFilesBuildPhase section */
		43C23474280A8BDC007ABE5E /* CopyFiles */ = {
			isa = PBXCopyFilesBuildPhase;
			buildActionMask = 2147483647;
			dstPath = /usr/share/man/man1/;
			dstSubfolderSpec = 0;
			files = (
			);
			runOnlyForDeploymentPostprocessing = 1;
		};
/* End PBXCopyFilesBuildPhase section */

/* Begin PBXFileReference section */
		43C23476280A8BDC007ABE5E /* lab02 */ = {isa = PBXFileReference; explicitFileType = "compiled.mach-o.executable"; includeInIndex = 0; path = lab02; sourceTree = BUILT_PRODUCTS_DIR; };
		43C23479280A8BDC007ABE5E /* main.cpp */ = {isa = PBXFileReference; lastKnownFileType = sourcecode.cpp.cpp; path = main.cpp; sourceTree = "<group>"; };
		43C23481280A8BED007ABE5E /* const_list_iterator_implement.hpp */ = {isa = PBXFileReference; lastKnownFileType = sourcecode.cpp.h; path = const_list_iterator_implement.hpp; sourceTree = "<group>"; };
		43C23482280A8BED007ABE5E /* const_list_iterator.h */ = {isa = PBXFileReference; lastKnownFileType = sourcecode.c.h; path = const_list_iterator.h; sourceTree = "<group>"; };
		43C23483280A8BED007ABE5E /* base_iterator_implement.hpp */ = {isa = PBXFileReference; lastKnownFileType = sourcecode.cpp.h; path = base_iterator_implement.hpp; sourceTree = "<group>"; };
		43C23484280A8BED007ABE5E /* base_iterator.h */ = {isa = PBXFileReference; lastKnownFileType = sourcecode.c.h; path = base_iterator.h; sourceTree = "<group>"; };
		43C23485280A8BEE007ABE5E /* base_container.h */ = {isa = PBXFileReference; lastKnownFileType = sourcecode.c.h; path = base_container.h; sourceTree = "<group>"; };
		43C23486280A8BF5007ABE5E /* list_iterator.h */ = {isa = PBXFileReference; lastKnownFileType = sourcecode.c.h; path = list_iterator.h; sourceTree = "<group>"; };
		43C23487280A8BF5007ABE5E /* list_implement.h */ = {isa = PBXFileReference; lastKnownFileType = sourcecode.c.h; path = list_implement.h; sourceTree = "<group>"; };
		43C23488280A8BF5007ABE5E /* list.h */ = {isa = PBXFileReference; lastKnownFileType = sourcecode.c.h; path = list.h; sourceTree = "<group>"; };
		43C23489280A8BF5007ABE5E /* list_iterator_implement.hpp */ = {isa = PBXFileReference; lastKnownFileType = sourcecode.cpp.h; path = list_iterator_implement.hpp; sourceTree = "<group>"; };
		43C2348A280A8BF6007ABE5E /* exceptions.h */ = {isa = PBXFileReference; lastKnownFileType = sourcecode.c.h; path = exceptions.h; sourceTree = "<group>"; };
		43C2348B280A8BFD007ABE5E /* node.h */ = {isa = PBXFileReference; lastKnownFileType = sourcecode.c.h; path = node.h; sourceTree = "<group>"; };
/* End PBXFileReference section */

/* Begin PBXFrameworksBuildPhase section */
		43C23473280A8BDC007ABE5E /* Frameworks */ = {
			isa = PBXFrameworksBuildPhase;
			buildActionMask = 2147483647;
			files = (
			);
			runOnlyForDeploymentPostprocessing = 0;
		};
/* End PBXFrameworksBuildPhase section */

/* Begin PBXGroup section */
		43C2346D280A8BDC007ABE5E = {
			isa = PBXGroup;
			children = (
				43C23478280A8BDC007ABE5E /* lab02 */,
				43C23477280A8BDC007ABE5E /* Products */,
			);
			sourceTree = "<group>";
		};
		43C23477280A8BDC007ABE5E /* Products */ = {
			isa = PBXGroup;
			children = (
				43C23476280A8BDC007ABE5E /* lab02 */,
			);
			name = Products;
			sourceTree = "<group>";
		};
		43C23478280A8BDC007ABE5E /* lab02 */ = {
			isa = PBXGroup;
			children = (
				43C2348B280A8BFD007ABE5E /* node.h */,
				43C2348A280A8BF6007ABE5E /* exceptions.h */,
				43C23485280A8BEE007ABE5E /* base_container.h */,
				43C23481280A8BED007ABE5E /* const_list_iterator_implement.hpp */,
				43C23482280A8BED007ABE5E /* const_list_iterator.h */,
				43C23483280A8BED007ABE5E /* base_iterator_implement.hpp */,
				43C23484280A8BED007ABE5E /* base_iterator.h */,
				43C23489280A8BF5007ABE5E /* list_iterator_implement.hpp */,
				43C23486280A8BF5007ABE5E /* list_iterator.h */,
				43C23487280A8BF5007ABE5E /* list_implement.h */,
				43C23488280A8BF5007ABE5E /* list.h */,
				43C23479280A8BDC007ABE5E /* main.cpp */,
			);
			path = lab02;
			sourceTree = "<group>";
		};
/* End PBXGroup section */

/* Begin PBXNativeTarget section */
		43C23475280A8BDC007ABE5E /* lab02 */ = {
			isa = PBXNativeTarget;
			buildConfigurationList = 43C2347D280A8BDC007ABE5E /* Build configuration list for PBXNativeTarget "lab02" */;
			buildPhases = (
				43C23472280A8BDC007ABE5E /* Sources */,
				43C23473280A8BDC007ABE5E /* Frameworks */,
				43C23474280A8BDC007ABE5E /* CopyFiles */,
			);
			buildRules = (
			);
			dependencies = (
			);
			name = lab02;
			productName = lab02;
			productReference = 43C23476280A8BDC007ABE5E /* lab02 */;
			productType = "com.apple.product-type.tool";
		};
/* End PBXNativeTarget section */

/* Begin PBXProject section */
		43C2346E280A8BDC007ABE5E /* Project object */ = {
			isa = PBXProject;
			attributes = {
				LastUpgradeCheck = 1200;
				TargetAttributes = {
					43C23475280A8BDC007ABE5E = {
						CreatedOnToolsVersion = 12.0.1;
					};
				};
			};
			buildConfigurationList = 43C23471280A8BDC007ABE5E /* Build configuration list for PBXProject "lab02" */;
			compatibilityVersion = "Xcode 9.3";
			developmentRegion = en;
			hasScannedForEncodings = 0;
			knownRegions = (
				en,
				Base,
			);
			mainGroup = 43C2346D280A8BDC007ABE5E;
			productRefGroup = 43C23477280A8BDC007ABE5E /* Products */;
			projectDirPath = "";
			projectRoot = "";
			targets = (
				43C23475280A8BDC007ABE5E /* lab02 */,
			);
		};
/* End PBXProject section */

/* Begin PBXSourcesBuildPhase section */
		43C23472280A8BDC007ABE5E /* Sources */ = {
			isa = PBXSourcesBuildPhase;
			buildActionMask = 2147483647;
			files = (
				43C2347A280A8BDC007ABE5E /* main.cpp in Sources */,
			);
			runOnlyForDeploymentPostprocessing = 0;
		};
/* End PBXSourcesBuildPhase section */

/* Begin XCBuildConfiguration section */
		43C2347B280A8BDC007ABE5E /* Debug */ = {
			isa = XCBuildConfiguration;
			buildSettings = {
				ALWAYS_SEARCH_USER_PATHS = NO;
				CLANG_ANALYZER_NONNULL = YES;
				CLANG_ANALYZER_NUMBER_OBJECT_CONVERSION = YES_AGGRESSIVE;
				CLANG_CXX_LANGUAGE_STANDARD = "gnu++14";
				CLANG_CXX_LIBRARY = "libc++";
				CLANG_ENABLE_MODULES = YES;
				CLANG_ENABLE_OBJC_ARC = YES;
				CLANG_ENABLE_OBJC_WEAK = YES;
				CLANG_WARN_BLOCK_CAPTURE_AUTORELEASING = YES;
				CLANG_WARN_BOOL_CONVERSION = YES;
				CLANG_WARN_COMMA = YES;
				CLANG_WARN_CONSTANT_CONVERSION = YES;
				CLANG_WARN_DEPRECATED_OBJC_IMPLEMENTATIONS = YES;
				CLANG_WARN_DIRECT_OBJC_ISA_USAGE = YES_ERROR;
				CLANG_WARN_DOCUMENTATION_COMMENTS = YES;
				CLANG_WARN_EMPTY_BODY = YES;
				CLANG_WARN_ENUM_CONVERSION = YES;
				CLANG_WARN_INFINITE_RECURSION = YES;
				CLANG_WARN_INT_CONVERSION = YES;
				CLANG_WARN_NON_LITERAL_NULL_CONVERSION = YES;
				CLANG_WARN_OBJC_IMPLICIT_RETAIN_SELF = YES;
				CLANG_WARN_OBJC_LITERAL_CONVERSION = YES;
				CLANG_WARN_OBJC_ROOT_CLASS = YES_ERROR;
				CLANG_WARN_QUOTED_INCLUDE_IN_FRAMEWORK_HEADER = YES;
				CLANG_WARN_RANGE_LOOP_ANALYSIS = YES;
				CLANG_WARN_STRICT_PROTOTYPES = YES;
				CLANG_WARN_SUSPICIOUS_MOVE = YES;
				CLANG_WARN_UNGUARDED_AVAILABILITY = YES_AGGRESSIVE;
				CLANG_WARN_UNREACHABLE_CODE = YES;
				CLANG_WARN__DUPLICATE_METHOD_MATCH = YES;
				COPY_PHASE_STRIP = NO;
				DEBUG_INFORMATION_FORMAT = dwarf;
				ENABLE_STRICT_OBJC_MSGSEND = YES;
				ENABLE_TESTABILITY = YES;
				GCC_C_LANGUAGE_STANDARD = gnu11;
				GCC_DYNAMIC_NO_PIC = NO;
				GCC_NO_COMMON_BLOCKS = YES;
				GCC_OPTIMIZATION_LEVEL = 0;
				GCC_PREPROCESSOR_DEFINITIONS = (
					"DEBUG=1",
					"$(inherited)",
				);
				GCC_WARN_64_TO_32_BIT_CONVERSION = YES;
				GCC_WARN_ABOUT_RETURN_TYPE = YES_ERROR;
				GCC_WARN_UNDECLARED_SELECTOR = YES;
				GCC_WARN_UNINITIALIZED_AUTOS = YES_AGGRESSIVE;
				GCC_WARN_UNUSED_FUNCTION = YES;
				GCC_WARN_UNUSED_VARIABLE = YES;
				MACOSX_DEPLOYMENT_TARGET = 10.15;
				MTL_ENABLE_DEBUG_INFO = INCLUDE_SOURCE;
				MTL_FAST_MATH = YES;
				ONLY_ACTIVE_ARCH = YES;
				SDKROOT = macosx;
			};
			name = Debug;
		};
		43C2347C280A8BDC007ABE5E /* Release */ = {
			isa = XCBuildConfiguration;
			buildSettings = {
				ALWAYS_SEARCH_USER_PATHS = NO;
				CLANG_ANALYZER_NONNULL = YES;
				CLANG_ANALYZER_NUMBER_OBJECT_CONVERSION = YES_AGGRESSIVE;
				CLANG_CXX_LANGUAGE_STANDARD = "gnu++14";
				CLANG_CXX_LIBRARY = "libc++";
				CLANG_ENABLE_MODULES = YES;
				CLANG_ENABLE_OBJC_ARC = YES;
				CLANG_ENABLE_OBJC_WEAK = YES;
				CLANG_WARN_BLOCK_CAPTURE_AUTORELEASING = YES;
				CLANG_WARN_BOOL_CONVERSION = YES;
				CLANG_WARN_COMMA = YES;
				CLANG_WARN_CONSTANT_CONVERSION = YES;
				CLANG_WARN_DEPRECATED_OBJC_IMPLEMENTATIONS = YES;
				CLANG_WARN_DIRECT_OBJC_ISA_USAGE = YES_ERROR;
				CLANG_WARN_DOCUMENTATION_COMMENTS = YES;
				CLANG_WARN_EMPTY_BODY = YES;
				CLANG_WARN_ENUM_CONVERSION = YES;
				CLANG_WARN_INFINITE_RECURSION = YES;
				CLANG_WARN_INT_CONVERSION = YES;
				CLANG_WARN_NON_LITERAL_NULL_CONVERSION = YES;
				CLANG_WARN_OBJC_IMPLICIT_RETAIN_SELF = YES;
				CLANG_WARN_OBJC_LITERAL_CONVERSION = YES;
				CLANG_WARN_OBJC_ROOT_CLASS = YES_ERROR;
				CLANG_WARN_QUOTED_INCLUDE_IN_FRAMEWORK_HEADER = YES;
				CLANG_WARN_RANGE_LOOP_ANALYSIS = YES;
				CLANG_WARN_STRICT_PROTOTYPES = YES;
				CLANG_WARN_SUSPICIOUS_MOVE = YES;
				CLANG_WARN_UNGUARDED_AVAILABILITY = YES_AGGRESSIVE;
				CLANG_WARN_UNREACHABLE_CODE = YES;
				CLANG_WARN__DUPLICATE_METHOD_MATCH = YES;
				COPY_PHASE_STRIP = NO;
				DEBUG_INFORMATION_FORMAT = "dwarf-with-dsym";
				ENABLE_NS_ASSERTIONS = NO;
				ENABLE_STRICT_OBJC_MSGSEND = YES;
				GCC_C_LANGUAGE_STANDARD = gnu11;
				GCC_NO_COMMON_BLOCKS = YES;
				GCC_WARN_64_TO_32_BIT_CONVERSION = YES;
				GCC_WARN_ABOUT_RETURN_TYPE = YES_ERROR;
				GCC_WARN_UNDECLARED_SELECTOR = YES;
				GCC_WARN_UNINITIALIZED_AUTOS = YES_AGGRESSIVE;
				GCC_WARN_UNUSED_FUNCTION = YES;
				GCC_WARN_UNUSED_VARIABLE = YES;
				MACOSX_DEPLOYMENT_TARGET = 10.15;
				MTL_ENABLE_DEBUG_INFO = NO;
				MTL_FAST_MATH = YES;
				SDKROOT = macosx;
			};
			name = Release;
		};
		43C2347E280A8BDC007ABE5E /* Debug */ = {
			isa = XCBuildConfiguration;
			buildSettings = {
				CODE_SIGN_STYLE = Automatic;
				PRODUCT_NAME = "$(TARGET_NAME)";
			};
			name = Debug;
		};
		43C2347F280A8BDC007ABE5E /* Release */ = {
			isa = XCBuildConfiguration;
			buildSettings = {
				CODE_SIGN_STYLE = Automatic;
				PRODUCT_NAME = "$(TARGET_NAME)";
			};
			name = Release;
		};
/* End XCBuildConfiguration section */

/* Begin XCConfigurationList section */
		43C23471280A8BDC007ABE5E /* Build configuration list for PBXProject "lab02" */ = {
			isa = XCConfigurationList;
			buildConfigurations = (
				43C2347B280A8BDC007ABE5E /* Debug */,
				43C2347C280A8BDC007ABE5E /* Release */,
			);
			defaultConfigurationIsVisible = 0;
			defaultConfigurationName = Release;
		};
		43C2347D280A8BDC007ABE5E /* Build configuration list for PBXNativeTarget "lab02" */ = {
			isa = XCConfigurationList;
			buildConfigurations = (
				43C2347E280A8BDC007ABE5E /* Debug */,
				43C2347F280A8BDC007ABE5E /* Release */,
			);
			defaultConfigurationIsVisible = 0;
			defaultConfigurationName = Release;
		};
/* End XCConfigurationList section */
	};
	rootObject = 43C2346E280A8BDC007ABE5E /* Project object */;
}
